
Microsoft Visual Studio Solution File, Format Version 12.00
# Visual Studio 15
VisualStudioVersion = 15.0.27004.2009
MinimumVisualStudioVersion = 10.0.40219.1
Project("{8BC9CEB8-8B4A-11D0-8D11-00A0C91BC942}") = "redisclient", "redisclient\redisclient.vcxproj", "{347A34ED-5CF4-4D67-8008-16C11E64DECF}"
EndProject
Global
	GlobalSection(SolutionConfigurationPlatforms) = preSolution
		Debug|x64 = Debug|x64
		Debug|x86 = Debug|x86
		Release|x64 = Release|x64
		Release|x86 = Release|x86
	EndGlobalSection
	GlobalSection(ProjectConfigurationPlatforms) = postSolution
		{347A34ED-5CF4-4D67-8008-16C11E64DECF}.Debug|x64.ActiveCfg = Debug|x64
		{347A34ED-5CF4-4D67-8008-16C11E64DECF}.Debug|x64.Build.0 = Debug|x64
		{347A34ED-5CF4-4D67-8008-16C11E64DECF}.Debug|x86.ActiveCfg = Debug|Win32
		{347A34ED-5CF4-4D67-8008-16C11E64DECF}.Debug|x86.Build.0 = Debug|Win32
		{347A34ED-5CF4-4D67-8008-16C11E64DECF}.Release|x64.ActiveCfg = Release|x64
		{347A34ED-5CF4-4D67-8008-16C11E64DECF}.Release|x64.Build.0 = Release|x64
		{347A34ED-5CF4-4D67-8008-16C11E64DECF}.Release|x86.ActiveCfg = Release|Win32
		{347A34ED-5CF4-4D67-8008-16C11E64DECF}.Release|x86.Build.0 = Release|Win32
	EndGlobalSection
	GlobalSection(SolutionProperties) = preSolution
		HideSolutionNode = FALSE
	EndGlobalSection
	GlobalSection(ExtensibilityGlobals) = postSolution
		SolutionGuid = {1A6365E8-6882-4749-8419-42F1186E4380}
	EndGlobalSection
EndGlobal
